
Microsoft Visual Studio Solution File, Format Version 12.00
Project("{FAE04EC0-301F-11D3-BF4B-00C04F79EFBC}") = "XYZ-Snake", "XYZ-Snake\XYZ-Snake.csproj", "{FD5766DC-7D36-4EB8-8A6D-5D48E97CBCD3}"
EndProject
Global
	GlobalSection(SolutionConfigurationPlatforms) = preSolution
		Debug|Any CPU = Debug|Any CPU
		Release|Any CPU = Release|Any CPU
	EndGlobalSection
	GlobalSection(ProjectConfigurationPlatforms) = postSolution
		{FD5766DC-7D36-4EB8-8A6D-5D48E97CBCD3}.Debug|Any CPU.ActiveCfg = Debug|Any CPU
		{FD5766DC-7D36-4EB8-8A6D-5D48E97CBCD3}.Debug|Any CPU.Build.0 = Debug|Any CPU
		{FD5766DC-7D36-4EB8-8A6D-5D48E97CBCD3}.Release|Any CPU.ActiveCfg = Release|Any CPU
		{FD5766DC-7D36-4EB8-8A6D-5D48E97CBCD3}.Release|Any CPU.Build.0 = Release|Any CPU
	EndGlobalSection
EndGlobal
